
Microsoft Visual Studio Solution File, Format Version 12.00
# Visual Studio Version 17
VisualStudioVersion = 17.1.32210.238
MinimumVisualStudioVersion = 10.0.40219.1
Project("{FAE04EC0-301F-11D3-BF4B-00C04F79EFBC}") = "Algorithms", "Algorithms.csproj", "{CED147F9-B757-4441-B676-BE4844B1B488}"
EndProject
Project("{FAE04EC0-301F-11D3-BF4B-00C04F79EFBC}") = "Algorithm_xUnitTest", "..\Algorithm_xUnitTest\Algorithm_xUnitTest.csproj", "{AD7E01A2-0DD9-4C0A-B02B-952ECE0778AA}"
EndProject
Global
	GlobalSection(SolutionConfigurationPlatforms) = preSolution
		Debug|Any CPU = Debug|Any CPU
		Release|Any CPU = Release|Any CPU
	EndGlobalSection
	GlobalSection(ProjectConfigurationPlatforms) = postSolution
		{CED147F9-B757-4441-B676-BE4844B1B488}.Debug|Any CPU.ActiveCfg = Debug|Any CPU
		{CED147F9-B757-4441-B676-BE4844B1B488}.Debug|Any CPU.Build.0 = Debug|Any CPU
		{CED147F9-B757-4441-B676-BE4844B1B488}.Release|Any CPU.ActiveCfg = Release|Any CPU
		{CED147F9-B757-4441-B676-BE4844B1B488}.Release|Any CPU.Build.0 = Release|Any CPU
		{AD7E01A2-0DD9-4C0A-B02B-952ECE0778AA}.Debug|Any CPU.ActiveCfg = Debug|Any CPU
		{AD7E01A2-0DD9-4C0A-B02B-952ECE0778AA}.Debug|Any CPU.Build.0 = Debug|Any CPU
		{AD7E01A2-0DD9-4C0A-B02B-952ECE0778AA}.Release|Any CPU.ActiveCfg = Release|Any CPU
		{AD7E01A2-0DD9-4C0A-B02B-952ECE0778AA}.Release|Any CPU.Build.0 = Release|Any CPU
	EndGlobalSection
	GlobalSection(SolutionProperties) = preSolution
		HideSolutionNode = FALSE
	EndGlobalSection
	GlobalSection(ExtensibilityGlobals) = postSolution
		SolutionGuid = {D879E20B-9E20-4BAF-BF7F-8647DE38899C}
	EndGlobalSection
EndGlobal
